
Microsoft Visual Studio Solution File, Format Version 12.00
# Visual Studio Version 17
VisualStudioVersion = 17.1.32328.378
MinimumVisualStudioVersion = 10.0.40219.1
Project("{FAE04EC0-301F-11D3-BF4B-00C04F79EFBC}") = "IMDB", "IMDB\IMDB.csproj", "{C196946C-A191-4E8C-B0C1-09448BD5118C}"
EndProject
Global
	GlobalSection(SolutionConfigurationPlatforms) = preSolution
		Debug|Any CPU = Debug|Any CPU
		Release|Any CPU = Release|Any CPU
	EndGlobalSection
	GlobalSection(ProjectConfigurationPlatforms) = postSolution
		{C196946C-A191-4E8C-B0C1-09448BD5118C}.Debug|Any CPU.ActiveCfg = Debug|Any CPU
		{C196946C-A191-4E8C-B0C1-09448BD5118C}.Debug|Any CPU.Build.0 = Debug|Any CPU
		{C196946C-A191-4E8C-B0C1-09448BD5118C}.Release|Any CPU.ActiveCfg = Release|Any CPU
		{C196946C-A191-4E8C-B0C1-09448BD5118C}.Release|Any CPU.Build.0 = Release|Any CPU
	EndGlobalSection
	GlobalSection(SolutionProperties) = preSolution
		HideSolutionNode = FALSE
	EndGlobalSection
	GlobalSection(ExtensibilityGlobals) = postSolution
		SolutionGuid = {11931096-5B48-4046-B696-C3B49E275CDA}
	EndGlobalSection
EndGlobal
